PODS:
  - DBC (1.0.0):
    - DBC/Bridged (= 1.0.0)
    - DBC/Objc (= 1.0.0)
    - DBC/Swift (= 1.0.0)
  - DBC/Bridged (1.0.0):
    - DBC/Objc
    - DBC/Swift
  - DBC/Objc (1.0.0)
  - DBC/Swift (1.0.0)
  - DBCTesting (1.0.0):
    - DBC/Swift

DEPENDENCIES:
  - DBC (from `../`)
  - DBC/Bridged (from `../`)
  - DBCTesting (from `../`)

EXTERNAL SOURCES:
  DBC:
    :path: "../"
  DBCTesting:
    :path: "../"

SPEC CHECKSUMS:
  DBC: d7e4e221147f59c33d029b256cc63fca3d851b1f
  DBCTesting: 40ae5a5de307f8d68ef99311977294489483f1db

PODFILE CHECKSUM: 0639ce55f06bee9621231e25932cecb031e7f2de

COCOAPODS: 1.1.0.rc.2
