PODS:
  - DBC (1.0.1):
    - DBC/Bridged (= 1.0.1)
    - DBC/Objc (= 1.0.1)
    - DBC/Swift (= 1.0.1)
  - DBC/Bridged (1.0.1):
    - DBC/Objc
    - DBC/Swift
  - DBC/Objc (1.0.1)
  - DBC/Swift (1.0.1)
  - DBCTesting (1.0.1):
    - DBC/Swift (~> 1.0.0)

DEPENDENCIES:
  - DBC (from `../`)
  - DBC/Bridged (from `../`)
  - DBCTesting (from `../`)

EXTERNAL SOURCES:
  DBC:
    :path: "../"
  DBCTesting:
    :path: "../"

SPEC CHECKSUMS:
  DBC: f04da386b19404af378dfa37aa7d21956b9ec426
  DBCTesting: ac1f8eb98f48e271f2b422377c780a46a15be3fa

PODFILE CHECKSUM: '0639ce55f06bee9621231e25932cecb031e7f2de'

COCOAPODS: 1.2.0
